
Microsoft Visual Studio Solution File, Format Version 12.00
# Visual Studio Version 17
VisualStudioVersion = 17.8.34330.188
MinimumVisualStudioVersion = 10.0.40219.1
Project("{FAE04EC0-301F-11D3-BF4B-00C04F79EFBC}") = "WebApplication", "WebApplication\WebApplication.csproj", "{D34C0B13-774A-4A4A-A03A-1F1AFB9F98D6}"
EndProject
Global
	GlobalSection(SolutionConfigurationPlatforms) = preSolution
		Debug|Any CPU = Debug|Any CPU
		Release|Any CPU = Release|Any CPU
	EndGlobalSection
	GlobalSection(ProjectConfigurationPlatforms) = postSolution
		{D34C0B13-774A-4A4A-A03A-1F1AFB9F98D6}.Debug|Any CPU.ActiveCfg = Debug|Any CPU
		{D34C0B13-774A-4A4A-A03A-1F1AFB9F98D6}.Debug|Any CPU.Build.0 = Debug|Any CPU
		{D34C0B13-774A-4A4A-A03A-1F1AFB9F98D6}.Release|Any CPU.ActiveCfg = Release|Any CPU
		{D34C0B13-774A-4A4A-A03A-1F1AFB9F98D6}.Release|Any CPU.Build.0 = Release|Any CPU
	EndGlobalSection
	GlobalSection(SolutionProperties) = preSolution
		HideSolutionNode = FALSE
	EndGlobalSection
	GlobalSection(ExtensibilityGlobals) = postSolution
		SolutionGuid = {A46683AA-71E9-424E-8587-64C46550264A}
	EndGlobalSection
EndGlobal
